
Microsoft Visual Studio Solution File, Format Version 12.00
# Visual Studio Version 17
VisualStudioVersion = 17.0.32112.339
MinimumVisualStudioVersion = 10.0.40219.1
Project("{FAE04EC0-301F-11D3-BF4B-00C04F79EFBC}") = "AssociativeArrays", "AssociativeArrays\AssociativeArrays.csproj", "{09C60BA2-DA62-44A7-A486-01B21010CA95}"
EndProject
Project("{FAE04EC0-301F-11D3-BF4B-00C04F79EFBC}") = "02.OddOccurrences", "02.OddOccurrences\02.OddOccurrences.csproj", "{D2EDF5B6-A6F4-41CD-AF39-5B3169CD09B7}"
EndProject
Project("{FAE04EC0-301F-11D3-BF4B-00C04F79EFBC}") = "03.WordSynonyms", "03.WordSynonyms\03.WordSynonyms.csproj", "{02ACC0AB-8EA5-4C58-AECD-97E6EB55F96F}"
EndProject
Project("{FAE04EC0-301F-11D3-BF4B-00C04F79EFBC}") = "04.WordFilter", "04.WordFilter\04.WordFilter.csproj", "{C357FCDD-87BD-4C18-9D62-9FD3180B298D}"
EndProject
Global
	GlobalSection(SolutionConfigurationPlatforms) = preSolution
		Debug|Any CPU = Debug|Any CPU
		Release|Any CPU = Release|Any CPU
	EndGlobalSection
	GlobalSection(ProjectConfigurationPlatforms) = postSolution
		{09C60BA2-DA62-44A7-A486-01B21010CA95}.Debug|Any CPU.ActiveCfg = Debug|Any CPU
		{09C60BA2-DA62-44A7-A486-01B21010CA95}.Debug|Any CPU.Build.0 = Debug|Any CPU
		{09C60BA2-DA62-44A7-A486-01B21010CA95}.Release|Any CPU.ActiveCfg = Release|Any CPU
		{09C60BA2-DA62-44A7-A486-01B21010CA95}.Release|Any CPU.Build.0 = Release|Any CPU
		{D2EDF5B6-A6F4-41CD-AF39-5B3169CD09B7}.Debug|Any CPU.ActiveCfg = Debug|Any CPU
		{D2EDF5B6-A6F4-41CD-AF39-5B3169CD09B7}.Debug|Any CPU.Build.0 = Debug|Any CPU
		{D2EDF5B6-A6F4-41CD-AF39-5B3169CD09B7}.Release|Any CPU.ActiveCfg = Release|Any CPU
		{D2EDF5B6-A6F4-41CD-AF39-5B3169CD09B7}.Release|Any CPU.Build.0 = Release|Any CPU
		{02ACC0AB-8EA5-4C58-AECD-97E6EB55F96F}.Debug|Any CPU.ActiveCfg = Debug|Any CPU
		{02ACC0AB-8EA5-4C58-AECD-97E6EB55F96F}.Debug|Any CPU.Build.0 = Debug|Any CPU
		{02ACC0AB-8EA5-4C58-AECD-97E6EB55F96F}.Release|Any CPU.ActiveCfg = Release|Any CPU
		{02ACC0AB-8EA5-4C58-AECD-97E6EB55F96F}.Release|Any CPU.Build.0 = Release|Any CPU
		{C357FCDD-87BD-4C18-9D62-9FD3180B298D}.Debug|Any CPU.ActiveCfg = Debug|Any CPU
		{C357FCDD-87BD-4C18-9D62-9FD3180B298D}.Debug|Any CPU.Build.0 = Debug|Any CPU
		{C357FCDD-87BD-4C18-9D62-9FD3180B298D}.Release|Any CPU.ActiveCfg = Release|Any CPU
		{C357FCDD-87BD-4C18-9D62-9FD3180B298D}.Release|Any CPU.Build.0 = Release|Any CPU
	EndGlobalSection
	GlobalSection(SolutionProperties) = preSolution
		HideSolutionNode = FALSE
	EndGlobalSection
	GlobalSection(ExtensibilityGlobals) = postSolution
		SolutionGuid = {072EF2C0-F00E-455F-A7E5-798AAA8B3DB7}
	EndGlobalSection
EndGlobal
